# THIS IS AN AUTOGENERATED FILE. DO NOT EDIT THIS FILE DIRECTLY.
# yarn lockfile v1


lodash@^4.17.5:
  version "4.17.5"
  resolved "https://registry.yarnpkg.com/lodash/-/lodash-4.17.5.tgz#99a92d65c0272debe8c96b6057bc8fbfa3bed511"

modern-normalize@^0.2.0:
  version "0.2.0"
  resolved "https://registry.yarnpkg.com/modern-normalize/-/modern-normalize-0.2.0.tgz#d587ceab41682ea17650e76891020c8388df258d"

vue-motion@^0.2.0:
  version "0.2.0"
  resolved "https://registry.yarnpkg.com/vue-motion/-/vue-motion-0.2.0.tgz#5ce9441eea605624d66d0d94688d1f8ef26bfe6f"

vue@^2.5.13:
  version "2.5.13"
  resolved "https://registry.yarnpkg.com/vue/-/vue-2.5.13.tgz#95bd31e20efcf7a7f39239c9aa6787ce8cf578e1"
